
Microsoft Visual Studio Solution File, Format Version 12.00
# Visual Studio Version 17
VisualStudioVersion = 17.3.32929.385
MinimumVisualStudioVersion = 10.0.40219.1
Project("{9A19103F-16F7-4668-BE54-9A1E7A4F7556}") = "WebAirFlightShato", "WebApplication1\WebAirFlightShato.csproj", "{A59CD67C-80E6-4897-AA72-0A74F487A43C}"
EndProject
Global
	GlobalSection(SolutionConfigurationPlatforms) = preSolution
		Debug|Any CPU = Debug|Any CPU
		Release|Any CPU = Release|Any CPU
	EndGlobalSection
	GlobalSection(ProjectConfigurationPlatforms) = postSolution
		{A59CD67C-80E6-4897-AA72-0A74F487A43C}.Debug|Any CPU.ActiveCfg = Debug|Any CPU
		{A59CD67C-80E6-4897-AA72-0A74F487A43C}.Debug|Any CPU.Build.0 = Debug|Any CPU
		{A59CD67C-80E6-4897-AA72-0A74F487A43C}.Release|Any CPU.ActiveCfg = Release|Any CPU
		{A59CD67C-80E6-4897-AA72-0A74F487A43C}.Release|Any CPU.Build.0 = Release|Any CPU
	EndGlobalSection
	GlobalSection(SolutionProperties) = preSolution
		HideSolutionNode = FALSE
	EndGlobalSection
	GlobalSection(ExtensibilityGlobals) = postSolution
		SolutionGuid = {D03C7230-9566-406C-A866-A154AE7F7A7B}
	EndGlobalSection
EndGlobal
